// !$*UTF8*$!
{
	archiveVersion = 1;
	classes = {
	};
	objectVersion = 56;
	objects = {

/* Begin PBXBuildFile section */
		E0B8A5A62A0615C1001B9D01 /* Starter_projectApp.swift in Sources */ = {isa = PBXBuildFile; fileRef = E0B8A5A52A0615C1001B9D01 /* Starter_projectApp.swift */; };
		E0B8A5A82A0615C1001B9D01 /* ContentView.swift in Sources */ = {isa = PBXBuildFile; fileRef = E0B8A5A72A0615C1001B9D01 /* ContentView.swift */; };
		E0B8A5AA2A0615C2001B9D01 /* Assets.xcassets in Resources */ = {isa = PBXBuildFile; fileRef = E0B8A5A92A0615C2001B9D01 /* Assets.xcassets */; };
		E0B8A5AD2A0615C2001B9D01 /* Preview Assets.xcassets in Resources */ = {isa = PBXBuildFile; fileRef = E0B8A5AC2A0615C2001B9D01 /* Preview Assets.xcassets */; };
		E0B8A5B72A0615C2001B9D01 /* Starter_projectTests.swift in Sources */ = {isa = PBXBuildFile; fileRef = E0B8A5B62A0615C2001B9D01 /* Starter_projectTests.swift */; };
		E0B8A5C12A0615C2001B9D01 /* Starter_projectUITests.swift in Sources */ = {isa = PBXBuildFile; fileRef = E0B8A5C02A0615C2001B9D01 /* Starter_projectUITests.swift */; };
		E0B8A5C32A0615C2001B9D01 /* Starter_projectUITestsLaunchTests.swift in Sources */ = {isa = PBXBuildFile; fileRef = E0B8A5C22A0615C2001B9D01 /* Starter_projectUITestsLaunchTests.swift */; };
		E0B8A5D02A08A8C5001B9D01 /* ExpenseView.swift in Sources */ = {isa = PBXBuildFile; fileRef = E0B8A5CF2A08A8C4001B9D01 /* ExpenseView.swift */; };
		E0B8A5D22A08D751001B9D01 /* SummaryView.swift in Sources */ = {isa = PBXBuildFile; fileRef = E0B8A5D12A08D751001B9D01 /* SummaryView.swift */; };
/* End PBXBuildFile section */

/* Begin PBXContainerItemProxy section */
		E0B8A5B32A0615C2001B9D01 /* PBXContainerItemProxy */ = {
			isa = PBXContainerItemProxy;
			containerPortal = E0B8A59A2A0615C1001B9D01 /* Project object */;
			proxyType = 1;
			remoteGlobalIDString = E0B8A5A12A0615C1001B9D01;
			remoteInfo = "Starter project";
		};
		E0B8A5BD2A0615C2001B9D01 /* PBXContainerItemProxy */ = {
			isa = PBXContainerItemProxy;
			containerPortal = E0B8A59A2A0615C1001B9D01 /* Project object */;
			proxyType = 1;
			remoteGlobalIDString = E0B8A5A12A0615C1001B9D01;
			remoteInfo = "Starter project";
		};
/* End PBXContainerItemProxy section */

/* Begin PBXFileReference section */
		E0B8A5A22A0615C1001B9D01 /* Starter project.app */ = {isa = PBXFileReference; explicitFileType = wrapper.application; includeInIndex = 0; path = "Starter project.app"; sourceTree = BUILT_PRODUCTS_DIR; };
		E0B8A5A52A0615C1001B9D01 /* Starter_projectApp.swift */ = {isa = PBXFileReference; lastKnownFileType = sourcecode.swift; path = Starter_projectApp.swift; sourceTree = "<group>"; };
		E0B8A5A72A0615C1001B9D01 /* ContentView.swift */ = {isa = PBXFileReference; lastKnownFileType = sourcecode.swift; path = ContentView.swift; sourceTree = "<group>"; };
		E0B8A5A92A0615C2001B9D01 /* Assets.xcassets */ = {isa = PBXFileReference; lastKnownFileType = folder.assetcatalog; path = Assets.xcassets; sourceTree = "<group>"; };
		E0B8A5AC2A0615C2001B9D01 /* Preview Assets.xcassets */ = {isa = PBXFileReference; lastKnownFileType = folder.assetcatalog; path = "Preview Assets.xcassets"; sourceTree = "<group>"; };
		E0B8A5B22A0615C2001B9D01 /* Starter projectTests.xctest */ = {isa = PBXFileReference; explicitFileType = wrapper.cfbundle; includeInIndex = 0; path = "Starter projectTests.xctest"; sourceTree = BUILT_PRODUCTS_DIR; };
		E0B8A5B62A0615C2001B9D01 /* Starter_projectTests.swift */ = {isa = PBXFileReference; lastKnownFileType = sourcecode.swift; path = Starter_projectTests.swift; sourceTree = "<group>"; };
		E0B8A5BC2A0615C2001B9D01 /* Starter projectUITests.xctest */ = {isa = PBXFileReference; explicitFileType = wrapper.cfbundle; includeInIndex = 0; path = "Starter projectUITests.xctest"; sourceTree = BUILT_PRODUCTS_DIR; };
		E0B8A5C02A0615C2001B9D01 /* Starter_projectUITests.swift */ = {isa = PBXFileReference; lastKnownFileType = sourcecode.swift; path = Starter_projectUITests.swift; sourceTree = "<group>"; };
		E0B8A5C22A0615C2001B9D01 /* Starter_projectUITestsLaunchTests.swift */ = {isa = PBXFileReference; lastKnownFileType = sourcecode.swift; path = Starter_projectUITestsLaunchTests.swift; sourceTree = "<group>"; };
		E0B8A5CF2A08A8C4001B9D01 /* ExpenseView.swift */ = {isa = PBXFileReference; lastKnownFileType = sourcecode.swift; path = ExpenseView.swift; sourceTree = "<group>"; };
		E0B8A5D12A08D751001B9D01 /* SummaryView.swift */ = {isa = PBXFileReference; lastKnownFileType = sourcecode.swift; path = SummaryView.swift; sourceTree = "<group>"; };
/* End PBXFileReference section */

/* Begin PBXFrameworksBuildPhase section */
		E0B8A59F2A0615C1001B9D01 /* Frameworks */ = {
			isa = PBXFrameworksBuildPhase;
			buildActionMask = 2147483647;
			files = (
			);
			runOnlyForDeploymentPostprocessing = 0;
		};
		E0B8A5AF2A0615C2001B9D01 /* Frameworks */ = {
			isa = PBXFrameworksBuildPhase;
			buildActionMask = 2147483647;
			files = (
			);
			runOnlyForDeploymentPostprocessing = 0;
		};
		E0B8A5B92A0615C2001B9D01 /* Frameworks */ = {
			isa = PBXFrameworksBuildPhase;
			buildActionMask = 2147483647;
			files = (
			);
			runOnlyForDeploymentPostprocessing = 0;
		};
/* End PBXFrameworksBuildPhase section */

/* Begin PBXGroup section */
		E0B8A5992A0615C1001B9D01 = {
			isa = PBXGroup;
			children = (
				E0B8A5A42A0615C1001B9D01 /* Starter project */,
				E0B8A5B52A0615C2001B9D01 /* Starter projectTests */,
				E0B8A5BF2A0615C2001B9D01 /* Starter projectUITests */,
				E0B8A5A32A0615C1001B9D01 /* Products */,
			);
			sourceTree = "<group>";
		};
		E0B8A5A32A0615C1001B9D01 /* Products */ = {
			isa = PBXGroup;
			children = (
				E0B8A5A22A0615C1001B9D01 /* Starter project.app */,
				E0B8A5B22A0615C2001B9D01 /* Starter projectTests.xctest */,
				E0B8A5BC2A0615C2001B9D01 /* Starter projectUITests.xctest */,
			);
			name = Products;
			sourceTree = "<group>";
		};
		E0B8A5A42A0615C1001B9D01 /* Starter project */ = {
			isa = PBXGroup;
			children = (
				E0B8A5A52A0615C1001B9D01 /* Starter_projectApp.swift */,
				E0B8A5A72A0615C1001B9D01 /* ContentView.swift */,
				E0B8A5CF2A08A8C4001B9D01 /* ExpenseView.swift */,
				E0B8A5D12A08D751001B9D01 /* SummaryView.swift */,
				E0B8A5A92A0615C2001B9D01 /* Assets.xcassets */,
				E0B8A5AB2A0615C2001B9D01 /* Preview Content */,
			);
			path = "Starter project";
			sourceTree = "<group>";
		};
		E0B8A5AB2A0615C2001B9D01 /* Preview Content */ = {
			isa = PBXGroup;
			children = (
				E0B8A5AC2A0615C2001B9D01 /* Preview Assets.xcassets */,
			);
			path = "Preview Content";
			sourceTree = "<group>";
		};
		E0B8A5B52A0615C2001B9D01 /* Starter projectTests */ = {
			isa = PBXGroup;
			children = (
				E0B8A5B62A0615C2001B9D01 /* Starter_projectTests.swift */,
			);
			path = "Starter projectTests";
			sourceTree = "<group>";
		};
		E0B8A5BF2A0615C2001B9D01 /* Starter projectUITests */ = {
			isa = PBXGroup;
			children = (
				E0B8A5C02A0615C2001B9D01 /* Starter_projectUITests.swift */,
				E0B8A5C22A0615C2001B9D01 /* Starter_projectUITestsLaunchTests.swift */,
			);
			path = "Starter projectUITests";
			sourceTree = "<group>";
		};
/* End PBXGroup section */

/* Begin PBXNativeTarget section */
		E0B8A5A12A0615C1001B9D01 /* Starter project */ = {
			isa = PBXNativeTarget;
			buildConfigurationList = E0B8A5C62A0615C2001B9D01 /* Build configuration list for PBXNativeTarget "Starter project" */;
			buildPhases = (
				E0B8A59E2A0615C1001B9D01 /* Sources */,
				E0B8A59F2A0615C1001B9D01 /* Frameworks */,
				E0B8A5A02A0615C1001B9D01 /* Resources */,
			);
			buildRules = (
			);
			dependencies = (
			);
			name = "Starter project";
			productName = "Starter project";
			productReference = E0B8A5A22A0615C1001B9D01 /* Starter project.app */;
			productType = "com.apple.product-type.application";
		};
		E0B8A5B12A0615C2001B9D01 /* Starter projectTests */ = {
			isa = PBXNativeTarget;
			buildConfigurationList = E0B8A5C92A0615C2001B9D01 /* Build configuration list for PBXNativeTarget "Starter projectTests" */;
			buildPhases = (
				E0B8A5AE2A0615C2001B9D01 /* Sources */,
				E0B8A5AF2A0615C2001B9D01 /* Frameworks */,
				E0B8A5B02A0615C2001B9D01 /* Resources */,
			);
			buildRules = (
			);
			dependencies = (
				E0B8A5B42A0615C2001B9D01 /* PBXTargetDependency */,
			);
			name = "Starter projectTests";
			productName = "Starter projectTests";
			productReference = E0B8A5B22A0615C2001B9D01 /* Starter projectTests.xctest */;
			productType = "com.apple.product-type.bundle.unit-test";
		};
		E0B8A5BB2A0615C2001B9D01 /* Starter projectUITests */ = {
			isa = PBXNativeTarget;
			buildConfigurationList = E0B8A5CC2A0615C2001B9D01 /* Build configuration list for PBXNativeTarget "Starter projectUITests" */;
			buildPhases = (
				E0B8A5B82A0615C2001B9D01 /* Sources */,
				E0B8A5B92A0615C2001B9D01 /* Frameworks */,
				E0B8A5BA2A0615C2001B9D01 /* Resources */,
			);
			buildRules = (
			);
			dependencies = (
				E0B8A5BE2A0615C2001B9D01 /* PBXTargetDependency */,
			);
			name = "Starter projectUITests";
			productName = "Starter projectUITests";
			productReference = E0B8A5BC2A0615C2001B9D01 /* Starter projectUITests.xctest */;
			productType = "com.apple.product-type.bundle.ui-testing";
		};
/* End PBXNativeTarget section */

/* Begin PBXProject section */
		E0B8A59A2A0615C1001B9D01 /* Project object */ = {
			isa = PBXProject;
			attributes = {
				BuildIndependentTargetsInParallel = 1;
				LastSwiftUpdateCheck = 1430;
				LastUpgradeCheck = 1430;
				TargetAttributes = {
					E0B8A5A12A0615C1001B9D01 = {
						CreatedOnToolsVersion = 14.3;
					};
					E0B8A5B12A0615C2001B9D01 = {
						CreatedOnToolsVersion = 14.3;
						TestTargetID = E0B8A5A12A0615C1001B9D01;
					};
					E0B8A5BB2A0615C2001B9D01 = {
						CreatedOnToolsVersion = 14.3;
						TestTargetID = E0B8A5A12A0615C1001B9D01;
					};
				};
			};
			buildConfigurationList = E0B8A59D2A0615C1001B9D01 /* Build configuration list for PBXProject "Starter project" */;
			compatibilityVersion = "Xcode 14.0";
			developmentRegion = en;
			hasScannedForEncodings = 0;
			knownRegions = (
				en,
				Base,
			);
			mainGroup = E0B8A5992A0615C1001B9D01;
			productRefGroup = E0B8A5A32A0615C1001B9D01 /* Products */;
			projectDirPath = "";
			projectRoot = "";
			targets = (
				E0B8A5A12A0615C1001B9D01 /* Starter project */,
				E0B8A5B12A0615C2001B9D01 /* Starter projectTests */,
				E0B8A5BB2A0615C2001B9D01 /* Starter projectUITests */,
			);
		};
/* End PBXProject section */

/* Begin PBXResourcesBuildPhase section */
		E0B8A5A02A0615C1001B9D01 /* Resources */ = {
			isa = PBXResourcesBuildPhase;
			buildActionMask = 2147483647;
			files = (
				E0B8A5AD2A0615C2001B9D01 /* Preview Assets.xcassets in Resources */,
				E0B8A5AA2A0615C2001B9D01 /* Assets.xcassets in Resources */,
			);
			runOnlyForDeploymentPostprocessing = 0;
		};
		E0B8A5B02A0615C2001B9D01 /* Resources */ = {
			isa = PBXResourcesBuildPhase;
			buildActionMask = 2147483647;
			files = (
			);
			runOnlyForDeploymentPostprocessing = 0;
		};
		E0B8A5BA2A0615C2001B9D01 /* Resources */ = {
			isa = PBXResourcesBuildPhase;
			buildActionMask = 2147483647;
			files = (
			);
			runOnlyForDeploymentPostprocessing = 0;
		};
/* End PBXResourcesBuildPhase section */

/* Begin PBXSourcesBuildPhase section */
		E0B8A59E2A0615C1001B9D01 /* Sources */ = {
			isa = PBXSourcesBuildPhase;
			buildActionMask = 2147483647;
			files = (
				E0B8A5A82A0615C1001B9D01 /* ContentView.swift in Sources */,
				E0B8A5D22A08D751001B9D01 /* SummaryView.swift in Sources */,
				E0B8A5A62A0615C1001B9D01 /* Starter_projectApp.swift in Sources */,
				E0B8A5D02A08A8C5001B9D01 /* ExpenseView.swift in Sources */,
			);
			runOnlyForDeploymentPostprocessing = 0;
		};
		E0B8A5AE2A0615C2001B9D01 /* Sources */ = {
			isa = PBXSourcesBuildPhase;
			buildActionMask = 2147483647;
			files = (
				E0B8A5B72A0615C2001B9D01 /* Starter_projectTests.swift in Sources */,
			);
			runOnlyForDeploymentPostprocessing = 0;
		};
		E0B8A5B82A0615C2001B9D01 /* Sources */ = {
			isa = PBXSourcesBuildPhase;
			buildActionMask = 2147483647;
			files = (
				E0B8A5C32A0615C2001B9D01 /* Starter_projectUITestsLaunchTests.swift in Sources */,
				E0B8A5C12A0615C2001B9D01 /* Starter_projectUITests.swift in Sources */,
			);
			runOnlyForDeploymentPostprocessing = 0;
		};
/* End PBXSourcesBuildPhase section */

/* Begin PBXTargetDependency section */
		E0B8A5B42A0615C2001B9D01 /* PBXTargetDependency */ = {
			isa = PBXTargetDependency;
			target = E0B8A5A12A0615C1001B9D01 /* Starter project */;
			targetProxy = E0B8A5B32A0615C2001B9D01 /* PBXContainerItemProxy */;
		};
		E0B8A5BE2A0615C2001B9D01 /* PBXTargetDependency */ = {
			isa = PBXTargetDependency;
			target = E0B8A5A12A0615C1001B9D01 /* Starter project */;
			targetProxy = E0B8A5BD2A0615C2001B9D01 /* PBXContainerItemProxy */;
		};
/* End PBXTargetDependency section */

/* Begin XCBuildConfiguration section */
		E0B8A5C42A0615C2001B9D01 /* Debug */ = {
			isa = XCBuildConfiguration;
			buildSettings = {
				ALWAYS_SEARCH_USER_PATHS = NO;
				CLANG_ANALYZER_NONNULL = YES;
				CLANG_ANALYZER_NUMBER_OBJECT_CONVERSION = YES_AGGRESSIVE;
				CLANG_CXX_LANGUAGE_STANDARD = "gnu++20";
				CLANG_ENABLE_MODULES = YES;
				CLANG_ENABLE_OBJC_ARC = YES;
				CLANG_ENABLE_OBJC_WEAK = YES;
				CLANG_WARN_BLOCK_CAPTURE_AUTORELEASING = YES;
				CLANG_WARN_BOOL_CONVERSION = YES;
				CLANG_WARN_COMMA = YES;
				CLANG_WARN_CONSTANT_CONVERSION = YES;
				CLANG_WARN_DEPRECATED_OBJC_IMPLEMENTATIONS = YES;
				CLANG_WARN_DIRECT_OBJC_ISA_USAGE = YES_ERROR;
				CLANG_WARN_DOCUMENTATION_COMMENTS = YES;
				CLANG_WARN_EMPTY_BODY = YES;
				CLANG_WARN_ENUM_CONVERSION = YES;
				CLANG_WARN_INFINITE_RECURSION = YES;
				CLANG_WARN_INT_CONVERSION = YES;
				CLANG_WARN_NON_LITERAL_NULL_CONVERSION = YES;
				CLANG_WARN_OBJC_IMPLICIT_RETAIN_SELF = YES;
				CLANG_WARN_OBJC_LITERAL_CONVERSION = YES;
				CLANG_WARN_OBJC_ROOT_CLASS = YES_ERROR;
				CLANG_WARN_QUOTED_INCLUDE_IN_FRAMEWORK_HEADER = YES;
				CLANG_WARN_RANGE_LOOP_ANALYSIS = YES;
				CLANG_WARN_STRICT_PROTOTYPES = YES;
				CLANG_WARN_SUSPICIOUS_MOVE = YES;
				CLANG_WARN_UNGUARDED_AVAILABILITY = YES_AGGRESSIVE;
				CLANG_WARN_UNREACHABLE_CODE = YES;
				CLANG_WARN__DUPLICATE_METHOD_MATCH = YES;
				COPY_PHASE_STRIP = NO;
				DEBUG_INFORMATION_FORMAT = dwarf;
				ENABLE_STRICT_OBJC_MSGSEND = YES;
				ENABLE_TESTABILITY = YES;
				GCC_C_LANGUAGE_STANDARD = gnu11;
				GCC_DYNAMIC_NO_PIC = NO;
				GCC_NO_COMMON_BLOCKS = YES;
				GCC_OPTIMIZATION_LEVEL = 0;
				GCC_PREPROCESSOR_DEFINITIONS = (
					"DEBUG=1",
					"$(inherited)",
				);
				GCC_WARN_64_TO_32_BIT_CONVERSION = YES;
				GCC_WARN_ABOUT_RETURN_TYPE = YES_ERROR;
				GCC_WARN_UNDECLARED_SELECTOR = YES;
				GCC_WARN_UNINITIALIZED_AUTOS = YES_AGGRESSIVE;
				GCC_WARN_UNUSED_FUNCTION = YES;
				GCC_WARN_UNUSED_VARIABLE = YES;
				IPHONEOS_DEPLOYMENT_TARGET = 16.4;
				MTL_ENABLE_DEBUG_INFO = INCLUDE_SOURCE;
				MTL_FAST_MATH = YES;
				ONLY_ACTIVE_ARCH = YES;
				SDKROOT = iphoneos;
				SWIFT_ACTIVE_COMPILATION_CONDITIONS = DEBUG;
				SWIFT_OPTIMIZATION_LEVEL = "-Onone";
			};
			name = Debug;
		};
		E0B8A5C52A0615C2001B9D01 /* Release */ = {
			isa = XCBuildConfiguration;
			buildSettings = {
				ALWAYS_SEARCH_USER_PATHS = NO;
				CLANG_ANALYZER_NONNULL = YES;
				CLANG_ANALYZER_NUMBER_OBJECT_CONVERSION = YES_AGGRESSIVE;
				CLANG_CXX_LANGUAGE_STANDARD = "gnu++20";
				CLANG_ENABLE_MODULES = YES;
				CLANG_ENABLE_OBJC_ARC = YES;
				CLANG_ENABLE_OBJC_WEAK = YES;
				CLANG_WARN_BLOCK_CAPTURE_AUTORELEASING = YES;
				CLANG_WARN_BOOL_CONVERSION = YES;
				CLANG_WARN_COMMA = YES;
				CLANG_WARN_CONSTANT_CONVERSION = YES;
				CLANG_WARN_DEPRECATED_OBJC_IMPLEMENTATIONS = YES;
				CLANG_WARN_DIRECT_OBJC_ISA_USAGE = YES_ERROR;
				CLANG_WARN_DOCUMENTATION_COMMENTS = YES;
				CLANG_WARN_EMPTY_BODY = YES;
				CLANG_WARN_ENUM_CONVERSION = YES;
				CLANG_WARN_INFINITE_RECURSION = YES;
				CLANG_WARN_INT_CONVERSION = YES;
				CLANG_WARN_NON_LITERAL_NULL_CONVERSION = YES;
				CLANG_WARN_OBJC_IMPLICIT_RETAIN_SELF = YES;
				CLANG_WARN_OBJC_LITERAL_CONVERSION = YES;
				CLANG_WARN_OBJC_ROOT_CLASS = YES_ERROR;
				CLANG_WARN_QUOTED_INCLUDE_IN_FRAMEWORK_HEADER = YES;
				CLANG_WARN_RANGE_LOOP_ANALYSIS = YES;
				CLANG_WARN_STRICT_PROTOTYPES = YES;
				CLANG_WARN_SUSPICIOUS_MOVE = YES;
				CLANG_WARN_UNGUARDED_AVAILABILITY = YES_AGGRESSIVE;
				CLANG_WARN_UNREACHABLE_CODE = YES;
				CLANG_WARN__DUPLICATE_METHOD_MATCH = YES;
				COPY_PHASE_STRIP = NO;
				DEBUG_INFORMATION_FORMAT = "dwarf-with-dsym";
				ENABLE_NS_ASSERTIONS = NO;
				ENABLE_STRICT_OBJC_MSGSEND = YES;
				GCC_C_LANGUAGE_STANDARD = gnu11;
				GCC_NO_COMMON_BLOCKS = YES;
				GCC_WARN_64_TO_32_BIT_CONVERSION = YES;
				GCC_WARN_ABOUT_RETURN_TYPE = YES_ERROR;
				GCC_WARN_UNDECLARED_SELECTOR = YES;
				GCC_WARN_UNINITIALIZED_AUTOS = YES_AGGRESSIVE;
				GCC_WARN_UNUSED_FUNCTION = YES;
				GCC_WARN_UNUSED_VARIABLE = YES;
				IPHONEOS_DEPLOYMENT_TARGET = 16.4;
				MTL_ENABLE_DEBUG_INFO = NO;
				MTL_FAST_MATH = YES;
				SDKROOT = iphoneos;
				SWIFT_COMPILATION_MODE = wholemodule;
				SWIFT_OPTIMIZATION_LEVEL = "-O";
				VALIDATE_PRODUCT = YES;
			};
			name = Release;
		};
		E0B8A5C72A0615C2001B9D01 /* Debug */ = {
			isa = XCBuildConfiguration;
			buildSettings = {
				ASSETCATALOG_COMPILER_APPICON_NAME = AppIcon;
				ASSETCATALOG_COMPILER_GLOBAL_ACCENT_COLOR_NAME = AccentColor;
				CODE_SIGN_STYLE = Automatic;
				CURRENT_PROJECT_VERSION = 1;
				DEVELOPMENT_ASSET_PATHS = "\"Starter project/Preview Content\"";
				DEVELOPMENT_TEAM = 5DPXU8L75H;
				ENABLE_PREVIEWS = YES;
				GENERATE_INFOPLIST_FILE = YES;
				INFOPLIST_KEY_UIApplicationSceneManifest_Generation = YES;
				INFOPLIST_KEY_UIApplicationSupportsIndirectInputEvents = YES;
				INFOPLIST_KEY_UILaunchScreen_Generation = YES;
				INFOPLIST_KEY_UISupportedInterfaceOrientations_iPad = "UIInterfaceOrientationPortrait UIInterfaceOrientationPortraitUpsideDown UIInterfaceOrientationLandscapeLeft UIInterfaceOrientationLandscapeRight";
				INFOPLIST_KEY_UISupportedInterfaceOrientations_iPhone = "UIInterfaceOrientationPortrait UIInterfaceOrientationLandscapeLeft UIInterfaceOrientationLandscapeRight";
				LD_RUNPATH_SEARCH_PATHS = (
					"$(inherited)",
					"@executable_path/Frameworks",
				);
				MARKETING_VERSION = 1.0;
				PRODUCT_BUNDLE_IDENTIFIER = "com.oaklib.Starter-project";
				PRODUCT_NAME = "$(TARGET_NAME)";
				SWIFT_EMIT_LOC_STRINGS = YES;
				SWIFT_VERSION = 5.0;
				TARGETED_DEVICE_FAMILY = "1,2";
			};
			name = Debug;
		};
		E0B8A5C82A0615C2001B9D01 /* Release */ = {
			isa = XCBuildConfiguration;
			buildSettings = {
				ASSETCATALOG_COMPILER_APPICON_NAME = AppIcon;
				ASSETCATALOG_COMPILER_GLOBAL_ACCENT_COLOR_NAME = AccentColor;
				CODE_SIGN_STYLE = Automatic;
				CURRENT_PROJECT_VERSION = 1;
				DEVELOPMENT_ASSET_PATHS = "\"Starter project/Preview Content\"";
				DEVELOPMENT_TEAM = 5DPXU8L75H;
				ENABLE_PREVIEWS = YES;
				GENERATE_INFOPLIST_FILE = YES;
				INFOPLIST_KEY_UIApplicationSceneManifest_Generation = YES;
				INFOPLIST_KEY_UIApplicationSupportsIndirectInputEvents = YES;
				INFOPLIST_KEY_UILaunchScreen_Generation = YES;
				INFOPLIST_KEY_UISupportedInterfaceOrientations_iPad = "UIInterfaceOrientationPortrait UIInterfaceOrientationPortraitUpsideDown UIInterfaceOrientationLandscapeLeft UIInterfaceOrientationLandscapeRight";
				INFOPLIST_KEY_UISupportedInterfaceOrientations_iPhone = "UIInterfaceOrientationPortrait UIInterfaceOrientationLandscapeLeft UIInterfaceOrientationLandscapeRight";
				LD_RUNPATH_SEARCH_PATHS = (
					"$(inherited)",
					"@executable_path/Frameworks",
				);
				MARKETING_VERSION = 1.0;
				PRODUCT_BUNDLE_IDENTIFIER = "com.oaklib.Starter-project";
				PRODUCT_NAME = "$(TARGET_NAME)";
				SWIFT_EMIT_LOC_STRINGS = YES;
				SWIFT_VERSION = 5.0;
				TARGETED_DEVICE_FAMILY = "1,2";
			};
			name = Release;
		};
		E0B8A5CA2A0615C2001B9D01 /* Debug */ = {
			isa = XCBuildConfiguration;
			buildSettings = {
				ALWAYS_EMBED_SWIFT_STANDARD_LIBRARIES = YES;
				BUNDLE_LOADER = "$(TEST_HOST)";
				CODE_SIGN_STYLE = Automatic;
				CURRENT_PROJECT_VERSION = 1;
				DEVELOPMENT_TEAM = 5DPXU8L75H;
				GENERATE_INFOPLIST_FILE = YES;
				IPHONEOS_DEPLOYMENT_TARGET = 16.4;
				MARKETING_VERSION = 1.0;
				PRODUCT_BUNDLE_IDENTIFIER = "com.oaklib.Starter-projectTests";
				PRODUCT_NAME = "$(TARGET_NAME)";
				SWIFT_EMIT_LOC_STRINGS = NO;
				SWIFT_VERSION = 5.0;
				TARGETED_DEVICE_FAMILY = "1,2";
				TEST_HOST = "$(BUILT_PRODUCTS_DIR)/Starter project.app/$(BUNDLE_EXECUTABLE_FOLDER_PATH)/Starter project";
			};
			name = Debug;
		};
		E0B8A5CB2A0615C2001B9D01 /* Release */ = {
			isa = XCBuildConfiguration;
			buildSettings = {
				ALWAYS_EMBED_SWIFT_STANDARD_LIBRARIES = YES;
				BUNDLE_LOADER = "$(TEST_HOST)";
				CODE_SIGN_STYLE = Automatic;
				CURRENT_PROJECT_VERSION = 1;
				DEVELOPMENT_TEAM = 5DPXU8L75H;
				GENERATE_INFOPLIST_FILE = YES;
				IPHONEOS_DEPLOYMENT_TARGET = 16.4;
				MARKETING_VERSION = 1.0;
				PRODUCT_BUNDLE_IDENTIFIER = "com.oaklib.Starter-projectTests";
				PRODUCT_NAME = "$(TARGET_NAME)";
				SWIFT_EMIT_LOC_STRINGS = NO;
				SWIFT_VERSION = 5.0;
				TARGETED_DEVICE_FAMILY = "1,2";
				TEST_HOST = "$(BUILT_PRODUCTS_DIR)/Starter project.app/$(BUNDLE_EXECUTABLE_FOLDER_PATH)/Starter project";
			};
			name = Release;
		};
		E0B8A5CD2A0615C2001B9D01 /* Debug */ = {
			isa = XCBuildConfiguration;
			buildSettings = {
				ALWAYS_EMBED_SWIFT_STANDARD_LIBRARIES = YES;
				CODE_SIGN_STYLE = Automatic;
				CURRENT_PROJECT_VERSION = 1;
				DEVELOPMENT_TEAM = 5DPXU8L75H;
				GENERATE_INFOPLIST_FILE = YES;
				MARKETING_VERSION = 1.0;
				PRODUCT_BUNDLE_IDENTIFIER = "com.oaklib.Starter-projectUITests";
				PRODUCT_NAME = "$(TARGET_NAME)";
				SWIFT_EMIT_LOC_STRINGS = NO;
				SWIFT_VERSION = 5.0;
				TARGETED_DEVICE_FAMILY = "1,2";
				TEST_TARGET_NAME = "Starter project";
			};
			name = Debug;
		};
		E0B8A5CE2A0615C2001B9D01 /* Release */ = {
			isa = XCBuildConfiguration;
			buildSettings = {
				ALWAYS_EMBED_SWIFT_STANDARD_LIBRARIES = YES;
				CODE_SIGN_STYLE = Automatic;
				CURRENT_PROJECT_VERSION = 1;
				DEVELOPMENT_TEAM = 5DPXU8L75H;
				GENERATE_INFOPLIST_FILE = YES;
				MARKETING_VERSION = 1.0;
				PRODUCT_BUNDLE_IDENTIFIER = "com.oaklib.Starter-projectUITests";
				PRODUCT_NAME = "$(TARGET_NAME)";
				SWIFT_EMIT_LOC_STRINGS = NO;
				SWIFT_VERSION = 5.0;
				TARGETED_DEVICE_FAMILY = "1,2";
				TEST_TARGET_NAME = "Starter project";
			};
			name = Release;
		};
/* End XCBuildConfiguration section */

/* Begin XCConfigurationList section */
		E0B8A59D2A0615C1001B9D01 /* Build configuration list for PBXProject "Starter project" */ = {
			isa = XCConfigurationList;
			buildConfigurations = (
				E0B8A5C42A0615C2001B9D01 /* Debug */,
				E0B8A5C52A0615C2001B9D01 /* Release */,
			);
			defaultConfigurationIsVisible = 0;
			defaultConfigurationName = Release;
		};
		E0B8A5C62A0615C2001B9D01 /* Build configuration list for PBXNativeTarget "Starter project" */ = {
			isa = XCConfigurationList;
			buildConfigurations = (
				E0B8A5C72A0615C2001B9D01 /* Debug */,
				E0B8A5C82A0615C2001B9D01 /* Release */,
			);
			defaultConfigurationIsVisible = 0;
			defaultConfigurationName = Release;
		};
		E0B8A5C92A0615C2001B9D01 /* Build configuration list for PBXNativeTarget "Starter projectTests" */ = {
			isa = XCConfigurationList;
			buildConfigurations = (
				E0B8A5CA2A0615C2001B9D01 /* Debug */,
				E0B8A5CB2A0615C2001B9D01 /* Release */,
			);
			defaultConfigurationIsVisible = 0;
			defaultConfigurationName = Release;
		};
		E0B8A5CC2A0615C2001B9D01 /* Build configuration list for PBXNativeTarget "Starter projectUITests" */ = {
			isa = XCConfigurationList;
			buildConfigurations = (
				E0B8A5CD2A0615C2001B9D01 /* Debug */,
				E0B8A5CE2A0615C2001B9D01 /* Release */,
			);
			defaultConfigurationIsVisible = 0;
			defaultConfigurationName = Release;
		};
/* End XCConfigurationList section */
	};
	rootObject = E0B8A59A2A0615C1001B9D01 /* Project object */;
}
